<?xml version="1.0" encoding="utf-8"?>
<Project ToolsVersion="4.0" xmlns="http://schemas.microsoft.com/developer/msbuild/2003">
  <ItemGroup>
    <Filter Include="Header Files">
      <UniqueIdentifier>{5014df3e-6522-48d2-8b05-4218ac0ded40}</UniqueIdentifier>
    </Filter>
    <Filter Include="Source Files">
      <UniqueIdentifier>{0b163a53-e6b6-45b4-a6ca-ab002a107e49}</UniqueIdentifier>
    </Filter>
  </ItemGroup>
  <ItemGroup>
    <ClInclude Include="hdfs-shared\HdfsFile.h">
      <Filter>Header Files</Filter>
    </ClInclude>
    <ClInclude Include="hdfs-shared\HdfsFileFactory.h">
      <Filter>Header Files</Filter>
    </ClInclude>
    <ClInclude Include="hdfs-shared\HdfsFileSystem.h">
      <Filter>Header Files</Filter>
    </ClInclude>
    <ClInclude Include="hdfs-shared\HdfsFsCache.h">
      <Filter>Header Files</Filter>
    </ClInclude>
    <ClInclude Include="hdfs-shared\HdfsRdwrFileBuffer.h">
      <Filter>Header Files</Filter>
    </ClInclude>
    <ClInclude Include="hdfs-shared\HdfsRdwrMemBuffer.h">
      <Filter>Header Files</Filter>
    </ClInclude>
    <ClInclude Include="hdfs-20\hdfs.h">
      <Filter>Header Files</Filter>
    </ClInclude>
  </ItemGroup>
  <ItemGroup>
    <ClCompile Include="hdfs-shared\HdfsFile.cpp">
      <Filter>Source Files</Filter>
    </ClCompile>
    <ClCompile Include="hdfs-shared\HdfsFileSystem.cpp">
      <Filter>Source Files</Filter>
    </ClCompile>
    <ClCompile Include="hdfs-shared\HdfsFsCache.cpp">
      <Filter>Source Files</Filter>
    </ClCompile>
    <ClCompile Include="hdfs-shared\HdfsPlugin.cpp">
      <Filter>Source Files</Filter>
    </ClCompile>
    <ClCompile Include="hdfs-shared\HdfsRdwrFileBuffer.cpp">
      <Filter>Source Files</Filter>
    </ClCompile>
    <ClCompile Include="hdfs-shared\HdfsRdwrMemBuffer.cpp">
      <Filter>Source Files</Filter>
    </ClCompile>
  </ItemGroup>
</Project>