<?xml version="1.0" encoding="utf-8"?>
<Project ToolsVersion="4.0" xmlns="http://schemas.microsoft.com/developer/msbuild/2003">
  <ItemGroup>
    <Filter Include="Source Files">
      <UniqueIdentifier>{4FC737F1-C7A5-4376-A066-2A32D752A2FF}</UniqueIdentifier>
      <Extensions>cpp;c;cc;cxx;def;odl;idl;hpj;bat;asm;asmx</Extensions>
    </Filter>
    <Filter Include="Header Files">
      <UniqueIdentifier>{93995380-89BD-4b04-88EB-625FBE52EBFB}</UniqueIdentifier>
      <Extensions>h;hpp;hxx;hm;inl;inc;xsd</Extensions>
    </Filter>
    <Filter Include="Resource Files">
      <UniqueIdentifier>{67DA6AB6-F800-4c08-8B7A-83BB121AAD01}</UniqueIdentifier>
      <Extensions>rc;ico;cur;bmp;dlg;rc2;rct;bin;rgs;gif;jpg;jpeg;jpe;resx;tiff;tif;png;wav</Extensions>
    </Filter>
  </ItemGroup>
  <ItemGroup>
    <ClCompile Include="ha_erydb.cpp">
      <Filter>Source Files</Filter>
    </ClCompile>
    <ClCompile Include="ha_erydb_ddl.cpp">
      <Filter>Source Files</Filter>
    </ClCompile>
    <ClCompile Include="ha_erydb_dml.cpp">
      <Filter>Source Files</Filter>
    </ClCompile>
    <ClCompile Include="ha_erydb_execplan.cpp">
      <Filter>Source Files</Filter>
    </ClCompile>
    <ClCompile Include="ha_erydb_impl.cpp">
      <Filter>Source Files</Filter>
    </ClCompile>
    <ClCompile Include="ha_erydb_partition.cpp">
      <Filter>Source Files</Filter>
    </ClCompile>
    <ClCompile Include="ha_exists_sub.cpp">
      <Filter>Source Files</Filter>
    </ClCompile>
    <ClCompile Include="ha_from_sub.cpp">
      <Filter>Source Files</Filter>
    </ClCompile>
    <ClCompile Include="ha_in_sub.cpp">
      <Filter>Source Files</Filter>
    </ClCompile>
    <ClCompile Include="ha_scalar_sub.cpp">
      <Filter>Source Files</Filter>
    </ClCompile>
    <ClCompile Include="ha_select_sub.cpp">
      <Filter>Source Files</Filter>
    </ClCompile>
    <ClCompile Include="ha_view.cpp">
      <Filter>Source Files</Filter>
    </ClCompile>
    <ClCompile Include="ha_window_function.cpp">
      <Filter>Source Files</Filter>
    </ClCompile>
    <ClCompile Include="sm.cpp">
      <Filter>Source Files</Filter>
    </ClCompile>
    <ClCompile Include="ha_pseudocolumn.cpp">
      <Filter>Source Files</Filter>
    </ClCompile>
  </ItemGroup>
  <ItemGroup>
    <ClInclude Include="ha_erydb.h">
      <Filter>Header Files</Filter>
    </ClInclude>
    <ClInclude Include="ha_erydb_impl.h">
      <Filter>Header Files</Filter>
    </ClInclude>
    <ClInclude Include="ha_erydb_impl_if.h">
      <Filter>Header Files</Filter>
    </ClInclude>
    <ClInclude Include="ha_subquery.h">
      <Filter>Header Files</Filter>
    </ClInclude>
    <ClInclude Include="ha_view.h">
      <Filter>Header Files</Filter>
    </ClInclude>
    <ClInclude Include="erydb_mysql.h">
      <Filter>Header Files</Filter>
    </ClInclude>
    <ClInclude Include="resource.h">
      <Filter>Header Files</Filter>
    </ClInclude>
    <ClInclude Include="sm.h">
      <Filter>Header Files</Filter>
    </ClInclude>
    <ClInclude Include="..\..\utils\loggingcpp\errorids.h">
      <Filter>Header Files</Filter>
    </ClInclude>
  </ItemGroup>
</Project>